// !$*UTF8*$!
{
	archiveVersion = 1;
	classes = {
	};
	objectVersion = 77;
	objects = {

/* Begin PBXBuildFile section */
		ACFCC42A2F5AF04C00730803 /* ServicesSampleData in Frameworks */ = {isa = PBXBuildFile; productRef = ACFCC4292F5AF04C00730803 /* ServicesSampleData */; };
/* End PBXBuildFile section */

/* Begin PBXContainerItemProxy section */
		ACFCC40C2F5AF01B00730803 /* PBXContainerItemProxy */ = {
			isa = PBXContainerItemProxy;
			containerPortal = ACFCC3F62F5AF01900730803 /* Project object */;
			proxyType = 1;
			remoteGlobalIDString = ACFCC3FD2F5AF01900730803;
			remoteInfo = ServicesApp;
		};
		ACFCC4162F5AF01B00730803 /* PBXContainerItemProxy */ = {
			isa = PBXContainerItemProxy;
			containerPortal = ACFCC3F62F5AF01900730803 /* Project object */;
			proxyType = 1;
			remoteGlobalIDString = ACFCC3FD2F5AF01900730803;
			remoteInfo = ServicesApp;
		};
/* End PBXContainerItemProxy section */

/* Begin PBXFileReference section */
		ACFCC3FE2F5AF01900730803 /* ServicesApp.app */ = {isa = PBXFileReference; explicitFileType = wrapper.application; includeInIndex = 0; path = ServicesApp.app; sourceTree = BUILT_PRODUCTS_DIR; };
		ACFCC40B2F5AF01B00730803 /* ServicesAppTests.xctest */ = {isa = PBXFileReference; explicitFileType = wrapper.cfbundle; includeInIndex = 0; path = ServicesAppTests.xctest; sourceTree = BUILT_PRODUCTS_DIR; };
		ACFCC4152F5AF01B00730803 /* ServicesAppUITests.xctest */ = {isa = PBXFileReference; explicitFileType = wrapper.cfbundle; includeInIndex = 0; path = ServicesAppUITests.xctest; sourceTree = BUILT_PRODUCTS_DIR; };
/* End PBXFileReference section */

/* Begin PBXFileSystemSynchronizedRootGroup section */
		ACFCC4002F5AF01900730803 /* ServicesApp */ = {
			isa = PBXFileSystemSynchronizedRootGroup;
			path = ServicesApp;
			sourceTree = "<group>";
		};
		ACFCC40E2F5AF01B00730803 /* ServicesAppTests */ = {
			isa = PBXFileSystemSynchronizedRootGroup;
			path = ServicesAppTests;
			sourceTree = "<group>";
		};
		ACFCC4182F5AF01B00730803 /* ServicesAppUITests */ = {
			isa = PBXFileSystemSynchronizedRootGroup;
			path = ServicesAppUITests;
			sourceTree = "<group>";
		};
/* End PBXFileSystemSynchronizedRootGroup section */

/* Begin PBXFrameworksBuildPhase section */
		ACFCC3FB2F5AF01900730803 /* Frameworks */ = {
			isa = PBXFrameworksBuildPhase;
			buildActionMask = 2147483647;
			files = (
				ACFCC42A2F5AF04C00730803 /* ServicesSampleData in Frameworks */,
			);
			runOnlyForDeploymentPostprocessing = 0;
		};
		ACFCC4082F5AF01B00730803 /* Frameworks */ = {
			isa = PBXFrameworksBuildPhase;
			buildActionMask = 2147483647;
			files = (
			);
			runOnlyForDeploymentPostprocessing = 0;
		};
		ACFCC4122F5AF01B00730803 /* Frameworks */ = {
			isa = PBXFrameworksBuildPhase;
			buildActionMask = 2147483647;
			files = (
			);
			runOnlyForDeploymentPostprocessing = 0;
		};
/* End PBXFrameworksBuildPhase section */

/* Begin PBXGroup section */
		ACFCC3F52F5AF01900730803 = {
			isa = PBXGroup;
			children = (
				ACFCC4002F5AF01900730803 /* ServicesApp */,
				ACFCC40E2F5AF01B00730803 /* ServicesAppTests */,
				ACFCC4182F5AF01B00730803 /* ServicesAppUITests */,
				ACFCC3FF2F5AF01900730803 /* Products */,
			);
			sourceTree = "<group>";
		};
		ACFCC3FF2F5AF01900730803 /* Products */ = {
			isa = PBXGroup;
			children = (
				ACFCC3FE2F5AF01900730803 /* ServicesApp.app */,
				ACFCC40B2F5AF01B00730803 /* ServicesAppTests.xctest */,
				ACFCC4152F5AF01B00730803 /* ServicesAppUITests.xctest */,
			);
			name = Products;
			sourceTree = "<group>";
		};
/* End PBXGroup section */

/* Begin PBXNativeTarget section */
		ACFCC3FD2F5AF01900730803 /* ServicesApp */ = {
			isa = PBXNativeTarget;
			buildConfigurationList = ACFCC41F2F5AF01B00730803 /* Build configuration list for PBXNativeTarget "ServicesApp" */;
			buildPhases = (
				ACFCC3FA2F5AF01900730803 /* Sources */,
				ACFCC3FB2F5AF01900730803 /* Frameworks */,
				ACFCC3FC2F5AF01900730803 /* Resources */,
			);
			buildRules = (
			);
			dependencies = (
			);
			fileSystemSynchronizedGroups = (
				ACFCC4002F5AF01900730803 /* ServicesApp */,
			);
			name = ServicesApp;
			packageProductDependencies = (
				ACFCC4292F5AF04C00730803 /* ServicesSampleData */,
			);
			productName = ServicesApp;
			productReference = ACFCC3FE2F5AF01900730803 /* ServicesApp.app */;
			productType = "com.apple.product-type.application";
		};
		ACFCC40A2F5AF01B00730803 /* ServicesAppTests */ = {
			isa = PBXNativeTarget;
			buildConfigurationList = ACFCC4222F5AF01B00730803 /* Build configuration list for PBXNativeTarget "ServicesAppTests" */;
			buildPhases = (
				ACFCC4072F5AF01B00730803 /* Sources */,
				ACFCC4082F5AF01B00730803 /* Frameworks */,
				ACFCC4092F5AF01B00730803 /* Resources */,
			);
			buildRules = (
			);
			dependencies = (
				ACFCC40D2F5AF01B00730803 /* PBXTargetDependency */,
			);
			fileSystemSynchronizedGroups = (
				ACFCC40E2F5AF01B00730803 /* ServicesAppTests */,
			);
			name = ServicesAppTests;
			packageProductDependencies = (
			);
			productName = ServicesAppTests;
			productReference = ACFCC40B2F5AF01B00730803 /* ServicesAppTests.xctest */;
			productType = "com.apple.product-type.bundle.unit-test";
		};
		ACFCC4142F5AF01B00730803 /* ServicesAppUITests */ = {
			isa = PBXNativeTarget;
			buildConfigurationList = ACFCC4252F5AF01B00730803 /* Build configuration list for PBXNativeTarget "ServicesAppUITests" */;
			buildPhases = (
				ACFCC4112F5AF01B00730803 /* Sources */,
				ACFCC4122F5AF01B00730803 /* Frameworks */,
				ACFCC4132F5AF01B00730803 /* Resources */,
			);
			buildRules = (
			);
			dependencies = (
				ACFCC4172F5AF01B00730803 /* PBXTargetDependency */,
			);
			fileSystemSynchronizedGroups = (
				ACFCC4182F5AF01B00730803 /* ServicesAppUITests */,
			);
			name = ServicesAppUITests;
			packageProductDependencies = (
			);
			productName = ServicesAppUITests;
			productReference = ACFCC4152F5AF01B00730803 /* ServicesAppUITests.xctest */;
			productType = "com.apple.product-type.bundle.ui-testing";
		};
/* End PBXNativeTarget section */

/* Begin PBXProject section */
		ACFCC3F62F5AF01900730803 /* Project object */ = {
			isa = PBXProject;
			attributes = {
				BuildIndependentTargetsInParallel = 1;
				LastSwiftUpdateCheck = 2610;
				LastUpgradeCheck = 2610;
				TargetAttributes = {
					ACFCC3FD2F5AF01900730803 = {
						CreatedOnToolsVersion = 26.1.1;
					};
					ACFCC40A2F5AF01B00730803 = {
						CreatedOnToolsVersion = 26.1.1;
						TestTargetID = ACFCC3FD2F5AF01900730803;
					};
					ACFCC4142F5AF01B00730803 = {
						CreatedOnToolsVersion = 26.1.1;
						TestTargetID = ACFCC3FD2F5AF01900730803;
					};
				};
			};
			buildConfigurationList = ACFCC3F92F5AF01900730803 /* Build configuration list for PBXProject "ServicesApp" */;
			developmentRegion = en;
			hasScannedForEncodings = 0;
			knownRegions = (
				en,
				Base,
			);
			mainGroup = ACFCC3F52F5AF01900730803;
			minimizedProjectReferenceProxies = 1;
			packageReferences = (
				ACFCC4282F5AF04C00730803 /* XCRemoteSwiftPackageReference "ServicesSampleData" */,
			);
			preferredProjectObjectVersion = 77;
			productRefGroup = ACFCC3FF2F5AF01900730803 /* Products */;
			projectDirPath = "";
			projectRoot = "";
			targets = (
				ACFCC3FD2F5AF01900730803 /* ServicesApp */,
				ACFCC40A2F5AF01B00730803 /* ServicesAppTests */,
				ACFCC4142F5AF01B00730803 /* ServicesAppUITests */,
			);
		};
/* End PBXProject section */

/* Begin PBXResourcesBuildPhase section */
		ACFCC3FC2F5AF01900730803 /* Resources */ = {
			isa = PBXResourcesBuildPhase;
			buildActionMask = 2147483647;
			files = (
			);
			runOnlyForDeploymentPostprocessing = 0;
		};
		ACFCC4092F5AF01B00730803 /* Resources */ = {
			isa = PBXResourcesBuildPhase;
			buildActionMask = 2147483647;
			files = (
			);
			runOnlyForDeploymentPostprocessing = 0;
		};
		ACFCC4132F5AF01B00730803 /* Resources */ = {
			isa = PBXResourcesBuildPhase;
			buildActionMask = 2147483647;
			files = (
			);
			runOnlyForDeploymentPostprocessing = 0;
		};
/* End PBXResourcesBuildPhase section */

/* Begin PBXSourcesBuildPhase section */
		ACFCC3FA2F5AF01900730803 /* Sources */ = {
			isa = PBXSourcesBuildPhase;
			buildActionMask = 2147483647;
			files = (
			);
			runOnlyForDeploymentPostprocessing = 0;
		};
		ACFCC4072F5AF01B00730803 /* Sources */ = {
			isa = PBXSourcesBuildPhase;
			buildActionMask = 2147483647;
			files = (
			);
			runOnlyForDeploymentPostprocessing = 0;
		};
		ACFCC4112F5AF01B00730803 /* Sources */ = {
			isa = PBXSourcesBuildPhase;
			buildActionMask = 2147483647;
			files = (
			);
			runOnlyForDeploymentPostprocessing = 0;
		};
/* End PBXSourcesBuildPhase section */

/* Begin PBXTargetDependency section */
		ACFCC40D2F5AF01B00730803 /* PBXTargetDependency */ = {
			isa = PBXTargetDependency;
			target = ACFCC3FD2F5AF01900730803 /* ServicesApp */;
			targetProxy = ACFCC40C2F5AF01B00730803 /* PBXContainerItemProxy */;
		};
		ACFCC4172F5AF01B00730803 /* PBXTargetDependency */ = {
			isa = PBXTargetDependency;
			target = ACFCC3FD2F5AF01900730803 /* ServicesApp */;
			targetProxy = ACFCC4162F5AF01B00730803 /* PBXContainerItemProxy */;
		};
/* End PBXTargetDependency section */

/* Begin XCBuildConfiguration section */
		ACFCC41D2F5AF01B00730803 /* Debug */ = {
			isa = XCBuildConfiguration;
			buildSettings = {
				ALWAYS_SEARCH_USER_PATHS = NO;
				ASSETCATALOG_COMPILER_GENERATE_SWIFT_ASSET_SYMBOL_EXTENSIONS = YES;
				CLANG_ANALYZER_NONNULL = YES;
				CLANG_ANALYZER_NUMBER_OBJECT_CONVERSION = YES_AGGRESSIVE;
				CLANG_CXX_LANGUAGE_STANDARD = "gnu++20";
				CLANG_ENABLE_MODULES = YES;
				CLANG_ENABLE_OBJC_ARC = YES;
				CLANG_ENABLE_OBJC_WEAK = YES;
				CLANG_WARN_BLOCK_CAPTURE_AUTORELEASING = YES;
				CLANG_WARN_BOOL_CONVERSION = YES;
				CLANG_WARN_COMMA = YES;
				CLANG_WARN_CONSTANT_CONVERSION = YES;
				CLANG_WARN_DEPRECATED_OBJC_IMPLEMENTATIONS = YES;
				CLANG_WARN_DIRECT_OBJC_ISA_USAGE = YES_ERROR;
				CLANG_WARN_DOCUMENTATION_COMMENTS = YES;
				CLANG_WARN_EMPTY_BODY = YES;
				CLANG_WARN_ENUM_CONVERSION = YES;
				CLANG_WARN_INFINITE_RECURSION = YES;
				CLANG_WARN_INT_CONVERSION = YES;
				CLANG_WARN_NON_LITERAL_NULL_CONVERSION = YES;
				CLANG_WARN_OBJC_IMPLICIT_RETAIN_SELF = YES;
				CLANG_WARN_OBJC_LITERAL_CONVERSION = YES;
				CLANG_WARN_OBJC_ROOT_CLASS = YES_ERROR;
				CLANG_WARN_QUOTED_INCLUDE_IN_FRAMEWORK_HEADER = YES;
				CLANG_WARN_RANGE_LOOP_ANALYSIS = YES;
				CLANG_WARN_STRICT_PROTOTYPES = YES;
				CLANG_WARN_SUSPICIOUS_MOVE = YES;
				CLANG_WARN_UNGUARDED_AVAILABILITY = YES_AGGRESSIVE;
				CLANG_WARN_UNREACHABLE_CODE = YES;
				CLANG_WARN__DUPLICATE_METHOD_MATCH = YES;
				COPY_PHASE_STRIP = NO;
				DEBUG_INFORMATION_FORMAT = dwarf;
				DEVELOPMENT_TEAM = 37D4SXVKKL;
				ENABLE_STRICT_OBJC_MSGSEND = YES;
				ENABLE_TESTABILITY = YES;
				ENABLE_USER_SCRIPT_SANDBOXING = YES;
				GCC_C_LANGUAGE_STANDARD = gnu17;
				GCC_DYNAMIC_NO_PIC = NO;
				GCC_NO_COMMON_BLOCKS = YES;
				GCC_OPTIMIZATION_LEVEL = 0;
				GCC_PREPROCESSOR_DEFINITIONS = (
					"DEBUG=1",
					"$(inherited)",
				);
				GCC_WARN_64_TO_32_BIT_CONVERSION = YES;
				GCC_WARN_ABOUT_RETURN_TYPE = YES_ERROR;
				GCC_WARN_UNDECLARED_SELECTOR = YES;
				GCC_WARN_UNINITIALIZED_AUTOS = YES_AGGRESSIVE;
				GCC_WARN_UNUSED_FUNCTION = YES;
				GCC_WARN_UNUSED_VARIABLE = YES;
				IPHONEOS_DEPLOYMENT_TARGET = 26.1;
				LOCALIZATION_PREFERS_STRING_CATALOGS = YES;
				MTL_ENABLE_DEBUG_INFO = INCLUDE_SOURCE;
				MTL_FAST_MATH = YES;
				ONLY_ACTIVE_ARCH = YES;
				SDKROOT = iphoneos;
				SWIFT_ACTIVE_COMPILATION_CONDITIONS = "DEBUG $(inherited)";
				SWIFT_OPTIMIZATION_LEVEL = "-Onone";
			};
			name = Debug;
		};
		ACFCC41E2F5AF01B00730803 /* Release */ = {
			isa = XCBuildConfiguration;
			buildSettings = {
				ALWAYS_SEARCH_USER_PATHS = NO;
				ASSETCATALOG_COMPILER_GENERATE_SWIFT_ASSET_SYMBOL_EXTENSIONS = YES;
				CLANG_ANALYZER_NONNULL = YES;
				CLANG_ANALYZER_NUMBER_OBJECT_CONVERSION = YES_AGGRESSIVE;
				CLANG_CXX_LANGUAGE_STANDARD = "gnu++20";
				CLANG_ENABLE_MODULES = YES;
				CLANG_ENABLE_OBJC_ARC = YES;
				CLANG_ENABLE_OBJC_WEAK = YES;
				CLANG_WARN_BLOCK_CAPTURE_AUTORELEASING = YES;
				CLANG_WARN_BOOL_CONVERSION = YES;
				CLANG_WARN_COMMA = YES;
				CLANG_WARN_CONSTANT_CONVERSION = YES;
				CLANG_WARN_DEPRECATED_OBJC_IMPLEMENTATIONS = YES;
				CLANG_WARN_DIRECT_OBJC_ISA_USAGE = YES_ERROR;
				CLANG_WARN_DOCUMENTATION_COMMENTS = YES;
				CLANG_WARN_EMPTY_BODY = YES;
				CLANG_WARN_ENUM_CONVERSION = YES;
				CLANG_WARN_INFINITE_RECURSION = YES;
				CLANG_WARN_INT_CONVERSION = YES;
				CLANG_WARN_NON_LITERAL_NULL_CONVERSION = YES;
				CLANG_WARN_OBJC_IMPLICIT_RETAIN_SELF = YES;
				CLANG_WARN_OBJC_LITERAL_CONVERSION = YES;
				CLANG_WARN_OBJC_ROOT_CLASS = YES_ERROR;
				CLANG_WARN_QUOTED_INCLUDE_IN_FRAMEWORK_HEADER = YES;
				CLANG_WARN_RANGE_LOOP_ANALYSIS = YES;
				CLANG_WARN_STRICT_PROTOTYPES = YES;
				CLANG_WARN_SUSPICIOUS_MOVE = YES;
				CLANG_WARN_UNGUARDED_AVAILABILITY = YES_AGGRESSIVE;
				CLANG_WARN_UNREACHABLE_CODE = YES;
				CLANG_WARN__DUPLICATE_METHOD_MATCH = YES;
				COPY_PHASE_STRIP = NO;
				DEBUG_INFORMATION_FORMAT = "dwarf-with-dsym";
				DEVELOPMENT_TEAM = 37D4SXVKKL;
				ENABLE_NS_ASSERTIONS = NO;
				ENABLE_STRICT_OBJC_MSGSEND = YES;
				ENABLE_USER_SCRIPT_SANDBOXING = YES;
				GCC_C_LANGUAGE_STANDARD = gnu17;
				GCC_NO_COMMON_BLOCKS = YES;
				GCC_WARN_64_TO_32_BIT_CONVERSION = YES;
				GCC_WARN_ABOUT_RETURN_TYPE = YES_ERROR;
				GCC_WARN_UNDECLARED_SELECTOR = YES;
				GCC_WARN_UNINITIALIZED_AUTOS = YES_AGGRESSIVE;
				GCC_WARN_UNUSED_FUNCTION = YES;
				GCC_WARN_UNUSED_VARIABLE = YES;
				IPHONEOS_DEPLOYMENT_TARGET = 26.1;
				LOCALIZATION_PREFERS_STRING_CATALOGS = YES;
				MTL_ENABLE_DEBUG_INFO = NO;
				MTL_FAST_MATH = YES;
				SDKROOT = iphoneos;
				SWIFT_COMPILATION_MODE = wholemodule;
				VALIDATE_PRODUCT = YES;
			};
			name = Release;
		};
		ACFCC4202F5AF01B00730803 /* Debug */ = {
			isa = XCBuildConfiguration;
			buildSettings = {
				ASSETCATALOG_COMPILER_APPICON_NAME = AppIcon;
				ASSETCATALOG_COMPILER_GLOBAL_ACCENT_COLOR_NAME = AccentColor;
				CODE_SIGN_STYLE = Automatic;
				CURRENT_PROJECT_VERSION = 1;
				DEVELOPMENT_TEAM = "";
				ENABLE_PREVIEWS = YES;
				GENERATE_INFOPLIST_FILE = YES;
				INFOPLIST_KEY_CFBundleDisplayName = "Services App";
				INFOPLIST_KEY_LSApplicationCategoryType = "public.app-category.business";
				INFOPLIST_KEY_UIApplicationSceneManifest_Generation = YES;
				INFOPLIST_KEY_UIApplicationSupportsIndirectInputEvents = YES;
				INFOPLIST_KEY_UILaunchScreen_Generation = YES;
				INFOPLIST_KEY_UISupportedInterfaceOrientations = UIInterfaceOrientationPortrait;
				INFOPLIST_KEY_UISupportedInterfaceOrientations_iPad = "UIInterfaceOrientationLandscapeRight UIInterfaceOrientationPortrait";
				IPHONEOS_DEPLOYMENT_TARGET = 16.6;
				LD_RUNPATH_SEARCH_PATHS = (
					"$(inherited)",
					"@executable_path/Frameworks",
				);
				MARKETING_VERSION = 1.0;
				PRODUCT_BUNDLE_IDENTIFIER = com.ServicesApp;
				PRODUCT_NAME = "$(TARGET_NAME)";
				STRING_CATALOG_GENERATE_SYMBOLS = YES;
				SWIFT_APPROACHABLE_CONCURRENCY = YES;
				SWIFT_DEFAULT_ACTOR_ISOLATION = MainActor;
				SWIFT_EMIT_LOC_STRINGS = YES;
				SWIFT_UPCOMING_FEATURE_MEMBER_IMPORT_VISIBILITY = YES;
				SWIFT_VERSION = 5.0;
				TARGETED_DEVICE_FAMILY = "1,2";
			};
			name = Debug;
		};
		ACFCC4212F5AF01B00730803 /* Release */ = {
			isa = XCBuildConfiguration;
			buildSettings = {
				ASSETCATALOG_COMPILER_APPICON_NAME = AppIcon;
				ASSETCATALOG_COMPILER_GLOBAL_ACCENT_COLOR_NAME = AccentColor;
				CODE_SIGN_STYLE = Automatic;
				CURRENT_PROJECT_VERSION = 1;
				DEVELOPMENT_TEAM = "";
				ENABLE_PREVIEWS = YES;
				GENERATE_INFOPLIST_FILE = YES;
				INFOPLIST_KEY_CFBundleDisplayName = "Services App";
				INFOPLIST_KEY_LSApplicationCategoryType = "public.app-category.business";
				INFOPLIST_KEY_UIApplicationSceneManifest_Generation = YES;
				INFOPLIST_KEY_UIApplicationSupportsIndirectInputEvents = YES;
				INFOPLIST_KEY_UILaunchScreen_Generation = YES;
				INFOPLIST_KEY_UISupportedInterfaceOrientations = UIInterfaceOrientationPortrait;
				INFOPLIST_KEY_UISupportedInterfaceOrientations_iPad = "UIInterfaceOrientationLandscapeRight UIInterfaceOrientationPortrait";
				IPHONEOS_DEPLOYMENT_TARGET = 16.6;
				LD_RUNPATH_SEARCH_PATHS = (
					"$(inherited)",
					"@executable_path/Frameworks",
				);
				MARKETING_VERSION = 1.0;
				PRODUCT_BUNDLE_IDENTIFIER = com.ServicesApp;
				PRODUCT_NAME = "$(TARGET_NAME)";
				STRING_CATALOG_GENERATE_SYMBOLS = YES;
				SWIFT_APPROACHABLE_CONCURRENCY = YES;
				SWIFT_DEFAULT_ACTOR_ISOLATION = MainActor;
				SWIFT_EMIT_LOC_STRINGS = YES;
				SWIFT_UPCOMING_FEATURE_MEMBER_IMPORT_VISIBILITY = YES;
				SWIFT_VERSION = 5.0;
				TARGETED_DEVICE_FAMILY = "1,2";
			};
			name = Release;
		};
		ACFCC4232F5AF01B00730803 /* Debug */ = {
			isa = XCBuildConfiguration;
			buildSettings = {
				BUNDLE_LOADER = "$(TEST_HOST)";
				CODE_SIGN_STYLE = Automatic;
				CURRENT_PROJECT_VERSION = 1;
				DEVELOPMENT_TEAM = 37D4SXVKKL;
				GENERATE_INFOPLIST_FILE = YES;
				IPHONEOS_DEPLOYMENT_TARGET = 26.1;
				MARKETING_VERSION = 1.0;
				PRODUCT_BUNDLE_IDENTIFIER = com.ServicesAppTests;
				PRODUCT_NAME = "$(TARGET_NAME)";
				STRING_CATALOG_GENERATE_SYMBOLS = NO;
				SWIFT_APPROACHABLE_CONCURRENCY = YES;
				SWIFT_EMIT_LOC_STRINGS = NO;
				SWIFT_UPCOMING_FEATURE_MEMBER_IMPORT_VISIBILITY = YES;
				SWIFT_VERSION = 5.0;
				TARGETED_DEVICE_FAMILY = "1,2";
				TEST_HOST = "$(BUILT_PRODUCTS_DIR)/ServicesApp.app/$(BUNDLE_EXECUTABLE_FOLDER_PATH)/ServicesApp";
			};
			name = Debug;
		};
		ACFCC4242F5AF01B00730803 /* Release */ = {
			isa = XCBuildConfiguration;
			buildSettings = {
				BUNDLE_LOADER = "$(TEST_HOST)";
				CODE_SIGN_STYLE = Automatic;
				CURRENT_PROJECT_VERSION = 1;
				DEVELOPMENT_TEAM = 37D4SXVKKL;
				GENERATE_INFOPLIST_FILE = YES;
				IPHONEOS_DEPLOYMENT_TARGET = 26.1;
				MARKETING_VERSION = 1.0;
				PRODUCT_BUNDLE_IDENTIFIER = com.ServicesAppTests;
				PRODUCT_NAME = "$(TARGET_NAME)";
				STRING_CATALOG_GENERATE_SYMBOLS = NO;
				SWIFT_APPROACHABLE_CONCURRENCY = YES;
				SWIFT_EMIT_LOC_STRINGS = NO;
				SWIFT_UPCOMING_FEATURE_MEMBER_IMPORT_VISIBILITY = YES;
				SWIFT_VERSION = 5.0;
				TARGETED_DEVICE_FAMILY = "1,2";
				TEST_HOST = "$(BUILT_PRODUCTS_DIR)/ServicesApp.app/$(BUNDLE_EXECUTABLE_FOLDER_PATH)/ServicesApp";
			};
			name = Release;
		};
		ACFCC4262F5AF01B00730803 /* Debug */ = {
			isa = XCBuildConfiguration;
			buildSettings = {
				CODE_SIGN_STYLE = Automatic;
				CURRENT_PROJECT_VERSION = 1;
				DEVELOPMENT_TEAM = 37D4SXVKKL;
				GENERATE_INFOPLIST_FILE = YES;
				MARKETING_VERSION = 1.0;
				PRODUCT_BUNDLE_IDENTIFIER = com.ServicesAppUITests;
				PRODUCT_NAME = "$(TARGET_NAME)";
				STRING_CATALOG_GENERATE_SYMBOLS = NO;
				SWIFT_APPROACHABLE_CONCURRENCY = YES;
				SWIFT_EMIT_LOC_STRINGS = NO;
				SWIFT_UPCOMING_FEATURE_MEMBER_IMPORT_VISIBILITY = YES;
				SWIFT_VERSION = 5.0;
				TARGETED_DEVICE_FAMILY = "1,2";
				TEST_TARGET_NAME = ServicesApp;
			};
			name = Debug;
		};
		ACFCC4272F5AF01B00730803 /* Release */ = {
			isa = XCBuildConfiguration;
			buildSettings = {
				CODE_SIGN_STYLE = Automatic;
				CURRENT_PROJECT_VERSION = 1;
				DEVELOPMENT_TEAM = 37D4SXVKKL;
				GENERATE_INFOPLIST_FILE = YES;
				MARKETING_VERSION = 1.0;
				PRODUCT_BUNDLE_IDENTIFIER = com.ServicesAppUITests;
				PRODUCT_NAME = "$(TARGET_NAME)";
				STRING_CATALOG_GENERATE_SYMBOLS = NO;
				SWIFT_APPROACHABLE_CONCURRENCY = YES;
				SWIFT_EMIT_LOC_STRINGS = NO;
				SWIFT_UPCOMING_FEATURE_MEMBER_IMPORT_VISIBILITY = YES;
				SWIFT_VERSION = 5.0;
				TARGETED_DEVICE_FAMILY = "1,2";
				TEST_TARGET_NAME = ServicesApp;
			};
			name = Release;
		};
/* End XCBuildConfiguration section */

/* Begin XCConfigurationList section */
		ACFCC3F92F5AF01900730803 /* Build configuration list for PBXProject "ServicesApp" */ = {
			isa = XCConfigurationList;
			buildConfigurations = (
				ACFCC41D2F5AF01B00730803 /* Debug */,
				ACFCC41E2F5AF01B00730803 /* Release */,
			);
			defaultConfigurationIsVisible = 0;
			defaultConfigurationName = Release;
		};
		ACFCC41F2F5AF01B00730803 /* Build configuration list for PBXNativeTarget "ServicesApp" */ = {
			isa = XCConfigurationList;
			buildConfigurations = (
				ACFCC4202F5AF01B00730803 /* Debug */,
				ACFCC4212F5AF01B00730803 /* Release */,
			);
			defaultConfigurationIsVisible = 0;
			defaultConfigurationName = Release;
		};
		ACFCC4222F5AF01B00730803 /* Build configuration list for PBXNativeTarget "ServicesAppTests" */ = {
			isa = XCConfigurationList;
			buildConfigurations = (
				ACFCC4232F5AF01B00730803 /* Debug */,
				ACFCC4242F5AF01B00730803 /* Release */,
			);
			defaultConfigurationIsVisible = 0;
			defaultConfigurationName = Release;
		};
		ACFCC4252F5AF01B00730803 /* Build configuration list for PBXNativeTarget "ServicesAppUITests" */ = {
			isa = XCConfigurationList;
			buildConfigurations = (
				ACFCC4262F5AF01B00730803 /* Debug */,
				ACFCC4272F5AF01B00730803 /* Release */,
			);
			defaultConfigurationIsVisible = 0;
			defaultConfigurationName = Release;
		};
/* End XCConfigurationList section */

/* Begin XCRemoteSwiftPackageReference section */
		ACFCC4282F5AF04C00730803 /* XCRemoteSwiftPackageReference "ServicesSampleData" */ = {
			isa = XCRemoteSwiftPackageReference;
			repositoryURL = "https://github.com/sabari-zuper/ServicesSampleData.git";
			requirement = {
				kind = upToNextMajorVersion;
				minimumVersion = 1.0.2;
			};
		};
/* End XCRemoteSwiftPackageReference section */

/* Begin XCSwiftPackageProductDependency section */
		ACFCC4292F5AF04C00730803 /* ServicesSampleData */ = {
			isa = XCSwiftPackageProductDependency;
			package = ACFCC4282F5AF04C00730803 /* XCRemoteSwiftPackageReference "ServicesSampleData" */;
			productName = ServicesSampleData;
		};
/* End XCSwiftPackageProductDependency section */
	};
	rootObject = ACFCC3F62F5AF01900730803 /* Project object */;
}
